
Microsoft Visual Studio Solution File, Format Version 12.00
# Visual Studio Version 17
VisualStudioVersion = 17.9.34622.214
MinimumVisualStudioVersion = 10.0.40219.1
Project("{FAE04EC0-301F-11D3-BF4B-00C04F79EFBC}") = "CalcBhaskara", "CalcBhaskara.csproj", "{C8E614A1-9B37-4227-90CA-F6B91F58D877}"
EndProject
Project("{FAE04EC0-301F-11D3-BF4B-00C04F79EFBC}") = "CalcBhaskara.Test", "..\CalcBhaskara.Test\CalcBhaskara.Test.csproj", "{359C7A4B-7C33-4A46-B070-438E8CFDD55E}"
EndProject
Global
	GlobalSection(SolutionConfigurationPlatforms) = preSolution
		Debug|Any CPU = Debug|Any CPU
		Release|Any CPU = Release|Any CPU
	EndGlobalSection
	GlobalSection(ProjectConfigurationPlatforms) = postSolution
		{C8E614A1-9B37-4227-90CA-F6B91F58D877}.Debug|Any CPU.ActiveCfg = Debug|Any CPU
		{C8E614A1-9B37-4227-90CA-F6B91F58D877}.Debug|Any CPU.Build.0 = Debug|Any CPU
		{C8E614A1-9B37-4227-90CA-F6B91F58D877}.Release|Any CPU.ActiveCfg = Release|Any CPU
		{C8E614A1-9B37-4227-90CA-F6B91F58D877}.Release|Any CPU.Build.0 = Release|Any CPU
		{359C7A4B-7C33-4A46-B070-438E8CFDD55E}.Debug|Any CPU.ActiveCfg = Debug|Any CPU
		{359C7A4B-7C33-4A46-B070-438E8CFDD55E}.Debug|Any CPU.Build.0 = Debug|Any CPU
		{359C7A4B-7C33-4A46-B070-438E8CFDD55E}.Release|Any CPU.ActiveCfg = Release|Any CPU
		{359C7A4B-7C33-4A46-B070-438E8CFDD55E}.Release|Any CPU.Build.0 = Release|Any CPU
	EndGlobalSection
	GlobalSection(SolutionProperties) = preSolution
		HideSolutionNode = FALSE
	EndGlobalSection
	GlobalSection(ExtensibilityGlobals) = postSolution
		SolutionGuid = {3756A7D9-FBA3-4ED2-A578-BBAA93267B26}
	EndGlobalSection
EndGlobal
